// !$*UTF8*$!
{
	archiveVersion = 1;
	classes = {
	};
	objectVersion = 48;
	objects = {

/* Begin PBXGroup section */
		C88955A1201158A0002CBFF1 = {
			isa = PBXGroup;
			children = (
			);
			sourceTree = "<group>";
		};
/* End PBXGroup section */

/* Begin PBXProject section */
		C88955A2201158A0002CBFF1 /* Project object */ = {
			isa = PBXProject;
			attributes = {
				LastUpgradeCheck = 0920;
			};
			buildConfigurationList = C88955A5201158A0002CBFF1 /* Build configuration list for PBXProject "RNZendeskChatApi" */;
			compatibilityVersion = "Xcode 8.0";
			developmentRegion = en;
			hasScannedForEncodings = 0;
			knownRegions = (
				en,
			);
			mainGroup = C88955A1201158A0002CBFF1;
			projectDirPath = "";
			projectRoot = "";
			targets = (
			);
		};
/* End PBXProject section */

/* Begin XCBuildConfiguration section */
		C88955A6201158A0002CBFF1 /* Debug */ = {
			isa = XCBuildConfiguration;
			buildSettings = {
			};
			name = Debug;
		};
		C88955A7201158A0002CBFF1 /* Release */ = {
			isa = XCBuildConfiguration;
			buildSettings = {
			};
			name = Release;
		};
/* End XCBuildConfiguration section */

/* Begin XCConfigurationList section */
		C88955A5201158A0002CBFF1 /* Build configuration list for PBXProject "RNZendeskChatApi" */ = {
			isa = XCConfigurationList;
			buildConfigurations = (
				C88955A6201158A0002CBFF1 /* Debug */,
				C88955A7201158A0002CBFF1 /* Release */,
			);
			defaultConfigurationIsVisible = 0;
			defaultConfigurationName = Release;
		};
/* End XCConfigurationList section */
	};
	rootObject = C88955A2201158A0002CBFF1 /* Project object */;
}
